
Microsoft Visual Studio Solution File, Format Version 12.00
# Visual Studio Version 16
VisualStudioVersion = 16.0.35325.158
MinimumVisualStudioVersion = 10.0.40219.1
Project("{8BC9CEB8-8B4A-11D0-8D11-00A0C91BC942}") = "Themes Application", "Themes Application\Themes Application.vcxproj", "{4B799042-EDA5-4EB5-9BC7-B2FDA45EE085}"
EndProject
Global
	GlobalSection(SolutionConfigurationPlatforms) = preSolution
		Debug|x64 = Debug|x64
		Debug|x86 = Debug|x86
		Release|x64 = Release|x64
		Release|x86 = Release|x86
	EndGlobalSection
	GlobalSection(ProjectConfigurationPlatforms) = postSolution
		{4B799042-EDA5-4EB5-9BC7-B2FDA45EE085}.Debug|x64.ActiveCfg = Debug|x64
		{4B799042-EDA5-4EB5-9BC7-B2FDA45EE085}.Debug|x64.Build.0 = Debug|x64
		{4B799042-EDA5-4EB5-9BC7-B2FDA45EE085}.Debug|x86.ActiveCfg = Debug|Win32
		{4B799042-EDA5-4EB5-9BC7-B2FDA45EE085}.Debug|x86.Build.0 = Debug|Win32
		{4B799042-EDA5-4EB5-9BC7-B2FDA45EE085}.Release|x64.ActiveCfg = Release|x64
		{4B799042-EDA5-4EB5-9BC7-B2FDA45EE085}.Release|x64.Build.0 = Release|x64
		{4B799042-EDA5-4EB5-9BC7-B2FDA45EE085}.Release|x86.ActiveCfg = Release|Win32
		{4B799042-EDA5-4EB5-9BC7-B2FDA45EE085}.Release|x86.Build.0 = Release|Win32
	EndGlobalSection
	GlobalSection(SolutionProperties) = preSolution
		HideSolutionNode = FALSE
	EndGlobalSection
	GlobalSection(ExtensibilityGlobals) = postSolution
		SolutionGuid = {1FAE13A3-AFA3-4275-98D5-5417F92F3383}
	EndGlobalSection
EndGlobal
